
Microsoft Visual Studio Solution File, Format Version 12.00
# Visual Studio 15
VisualStudioVersion = 15.0.28307.421
MinimumVisualStudioVersion = 10.0.40219.1
Project("{FAE04EC0-301F-11D3-BF4B-00C04F79EFBC}") = "Swishark", "Swishark\Swishark.csproj", "{D4183173-63CF-45B5-AECF-F2A5AED164C8}"
EndProject
Project("{FAE04EC0-301F-11D3-BF4B-00C04F79EFBC}") = "Infrastructure", "Infrastructure\Infrastructure.csproj", "{7AC6415A-161B-42ED-B828-B592279C3584}"
EndProject
Project("{FAE04EC0-301F-11D3-BF4B-00C04F79EFBC}") = "Services", "Services\Services.csproj", "{F25A9F05-5D98-4A6C-A301-BD23ADBEF48F}"
EndProject
Global
	GlobalSection(SolutionConfigurationPlatforms) = preSolution
		Debug|Any CPU = Debug|Any CPU
		Release|Any CPU = Release|Any CPU
	EndGlobalSection
	GlobalSection(ProjectConfigurationPlatforms) = postSolution
		{D4183173-63CF-45B5-AECF-F2A5AED164C8}.Debug|Any CPU.ActiveCfg = Debug|Any CPU
		{D4183173-63CF-45B5-AECF-F2A5AED164C8}.Debug|Any CPU.Build.0 = Debug|Any CPU
		{D4183173-63CF-45B5-AECF-F2A5AED164C8}.Release|Any CPU.ActiveCfg = Release|Any CPU
		{D4183173-63CF-45B5-AECF-F2A5AED164C8}.Release|Any CPU.Build.0 = Release|Any CPU
		{7AC6415A-161B-42ED-B828-B592279C3584}.Debug|Any CPU.ActiveCfg = Debug|Any CPU
		{7AC6415A-161B-42ED-B828-B592279C3584}.Debug|Any CPU.Build.0 = Debug|Any CPU
		{7AC6415A-161B-42ED-B828-B592279C3584}.Release|Any CPU.ActiveCfg = Release|Any CPU
		{7AC6415A-161B-42ED-B828-B592279C3584}.Release|Any CPU.Build.0 = Release|Any CPU
		{F25A9F05-5D98-4A6C-A301-BD23ADBEF48F}.Debug|Any CPU.ActiveCfg = Debug|Any CPU
		{F25A9F05-5D98-4A6C-A301-BD23ADBEF48F}.Debug|Any CPU.Build.0 = Debug|Any CPU
		{F25A9F05-5D98-4A6C-A301-BD23ADBEF48F}.Release|Any CPU.ActiveCfg = Release|Any CPU
		{F25A9F05-5D98-4A6C-A301-BD23ADBEF48F}.Release|Any CPU.Build.0 = Release|Any CPU
	EndGlobalSection
	GlobalSection(SolutionProperties) = preSolution
		HideSolutionNode = FALSE
	EndGlobalSection
	GlobalSection(ExtensibilityGlobals) = postSolution
		SolutionGuid = {3B85582B-9943-4BD7-A036-BBB540A61DFC}
	EndGlobalSection
EndGlobal
